
Microsoft Visual Studio Solution File, Format Version 12.00
# Visual Studio Version 17
VisualStudioVersion = 17.3.32929.385
MinimumVisualStudioVersion = 10.0.40219.1
Project("{FAE04EC0-301F-11D3-BF4B-00C04F79EFBC}") = "Gemini", "Gemini.csproj", "{D7F6DD0B-EC24-45AA-A127-907EDF74E05B}"
EndProject
Project("{FAE04EC0-301F-11D3-BF4B-00C04F79EFBC}") = "Gemini.Tests", "Gemini.Tests\Gemini.Tests.csproj", "{56DD340E-140D-4E45-A334-0228A5910B07}"
EndProject
Global
	GlobalSection(SolutionConfigurationPlatforms) = preSolution
		Debug|Any CPU = Debug|Any CPU
		Debug|x64 = Debug|x64
		Debug|x86 = Debug|x86
		Release|Any CPU = Release|Any CPU
		Release|x64 = Release|x64
		Release|x86 = Release|x86
	EndGlobalSection
	GlobalSection(ProjectConfigurationPlatforms) = postSolution
		{D7F6DD0B-EC24-45AA-A127-907EDF74E05B}.Debug|Any CPU.ActiveCfg = Debug|Any CPU
		{D7F6DD0B-EC24-45AA-A127-907EDF74E05B}.Debug|Any CPU.Build.0 = Debug|Any CPU
		{D7F6DD0B-EC24-45AA-A127-907EDF74E05B}.Debug|x64.ActiveCfg = Debug|Any CPU
		{D7F6DD0B-EC24-45AA-A127-907EDF74E05B}.Debug|x64.Build.0 = Debug|Any CPU
		{D7F6DD0B-EC24-45AA-A127-907EDF74E05B}.Debug|x86.ActiveCfg = Debug|Any CPU
		{D7F6DD0B-EC24-45AA-A127-907EDF74E05B}.Debug|x86.Build.0 = Debug|Any CPU
		{D7F6DD0B-EC24-45AA-A127-907EDF74E05B}.Release|Any CPU.ActiveCfg = Release|Any CPU
		{D7F6DD0B-EC24-45AA-A127-907EDF74E05B}.Release|Any CPU.Build.0 = Release|Any CPU
		{D7F6DD0B-EC24-45AA-A127-907EDF74E05B}.Release|x64.ActiveCfg = Release|Any CPU
		{D7F6DD0B-EC24-45AA-A127-907EDF74E05B}.Release|x64.Build.0 = Release|Any CPU
		{D7F6DD0B-EC24-45AA-A127-907EDF74E05B}.Release|x86.ActiveCfg = Release|Any CPU
		{D7F6DD0B-EC24-45AA-A127-907EDF74E05B}.Release|x86.Build.0 = Release|Any CPU
		{56DD340E-140D-4E45-A334-0228A5910B07}.Debug|Any CPU.ActiveCfg = Debug|Any CPU
		{56DD340E-140D-4E45-A334-0228A5910B07}.Debug|Any CPU.Build.0 = Debug|Any CPU
		{56DD340E-140D-4E45-A334-0228A5910B07}.Debug|x64.ActiveCfg = Debug|Any CPU
		{56DD340E-140D-4E45-A334-0228A5910B07}.Debug|x64.Build.0 = Debug|Any CPU
		{56DD340E-140D-4E45-A334-0228A5910B07}.Debug|x86.ActiveCfg = Debug|Any CPU
		{56DD340E-140D-4E45-A334-0228A5910B07}.Debug|x86.Build.0 = Debug|Any CPU
		{56DD340E-140D-4E45-A334-0228A5910B07}.Release|Any CPU.ActiveCfg = Release|Any CPU
		{56DD340E-140D-4E45-A334-0228A5910B07}.Release|Any CPU.Build.0 = Release|Any CPU
		{56DD340E-140D-4E45-A334-0228A5910B07}.Release|x64.ActiveCfg = Release|Any CPU
		{56DD340E-140D-4E45-A334-0228A5910B07}.Release|x64.Build.0 = Release|Any CPU
		{56DD340E-140D-4E45-A334-0228A5910B07}.Release|x86.ActiveCfg = Release|Any CPU
		{56DD340E-140D-4E45-A334-0228A5910B07}.Release|x86.Build.0 = Release|Any CPU
	EndGlobalSection
	GlobalSection(SolutionProperties) = preSolution
		HideSolutionNode = FALSE
	EndGlobalSection
	GlobalSection(ExtensibilityGlobals) = postSolution
		SolutionGuid = {0D42433B-557B-4CF0-B01D-B420A96908F1}
	EndGlobalSection
EndGlobal
